{
  "name": "@project-sunbird/sunbird-resource-library",
  "version": "7.0.0-beta.0",
  "lockfileVersion": 2,
  "requires": true,
  "packages": {
    "": {
      "name": "@project-sunbird/sunbird-resource-library",
      "version": "7.0.0-beta.0",
      "dependencies": {
        "tslib": "^2.0.0"
      },
      "peerDependencies": {
        "@angular/cdk": "15.2.3",
        "@angular/common": "^15.2.2",
        "@angular/core": "^15.2.2",
        "@angular/material": "^15.2.2",
        "@project-sunbird/common-form-elements-full": "^6.0.2",
        "@project-sunbird/sunbird-pdf-player-web-component": "^1.0.1",
        "@project-sunbird/sunbird-quml-player-web-component": "3.0.0-beta.0",
        "@project-sunbird/sunbird-video-player-web-component": "^1.0.1",
        "ng2-semantic-ui-v9": "0.0.3"
      },
      "peerDependenciesMeta": {
        "@project-sunbird/sunbird-pdf-player-web-component": {
          "optional": true
        },
        "@project-sunbird/sunbird-quml-player-web-component": {
          "optional": true
        },
        "@project-sunbird/sunbird-video-player-web-component": {
          "optional": true
        }
      }
    },
    "node_modules/tslib": {
      "version": "2.6.2",
      "resolved": "https://registry.npmjs.org/tslib/-/tslib-2.6.2.tgz",
      "integrity": "sha512-AEYxH93jGFPn/a2iVAwW87VuUIkR1FVUKB77NwMF7nBTDkDrrT/Hpt/IrCJ0QXhW27jTBDcf5ZY7w6RiqTMw2Q=="
    }
  },
  "dependencies": {
    "tslib": {
      "version": "2.6.2",
      "resolved": "https://registry.npmjs.org/tslib/-/tslib-2.6.2.tgz",
      "integrity": "sha512-AEYxH93jGFPn/a2iVAwW87VuUIkR1FVUKB77NwMF7nBTDkDrrT/Hpt/IrCJ0QXhW27jTBDcf5ZY7w6RiqTMw2Q=="
    }
  }
}
